<?xml version="1.0" encoding="utf-8"?>
<Project ToolsVersion="4.0" xmlns="http://schemas.microsoft.com/developer/msbuild/2003">
  <ItemGroup>
    <Filter Include="源文件">
      <UniqueIdentifier>{4FC737F1-C7A5-4376-A066-2A32D752A2FF}</UniqueIdentifier>
      <Extensions>cpp;c;cc;cxx;def;odl;idl;hpj;bat;asm;asmx</Extensions>
    </Filter>
    <Filter Include="头文件">
      <UniqueIdentifier>{93995380-89BD-4b04-88EB-625FBE52EBFB}</UniqueIdentifier>
      <Extensions>h;hh;hpp;hxx;hm;inl;inc;ipp;xsd</Extensions>
    </Filter>
    <Filter Include="资源文件">
      <UniqueIdentifier>{67DA6AB6-F800-4c08-8B7A-83BB121AAD01}</UniqueIdentifier>
      <Extensions>rc;ico;cur;bmp;dlg;rc2;rct;bin;rgs;gif;jpg;jpeg;jpe;resx;tiff;tif;png;wav;mfcribbon-ms</Extensions>
    </Filter>
    <Filter Include="源文件\src">
      <UniqueIdentifier>{f4a99c0f-513f-4644-a558-503b3cc79549}</UniqueIdentifier>
    </Filter>
    <Filter Include="源文件\src\LearnCpp">
      <UniqueIdentifier>{3055069f-945a-474a-a6db-babb206d590a}</UniqueIdentifier>
    </Filter>
    <Filter Include="源文件\src\Learn3D">
      <UniqueIdentifier>{c9717c80-c4a5-4c57-a356-973ae2c28756}</UniqueIdentifier>
    </Filter>
  </ItemGroup>
  <ItemGroup>
    <ClInclude Include="pch.h">
      <Filter>头文件</Filter>
    </ClInclude>
    <ClInclude Include="src\LearnCpp\IOTest.h">
      <Filter>源文件\src\LearnCpp</Filter>
    </ClInclude>
    <ClInclude Include="src\LearnCpp\LimitTest.h">
      <Filter>源文件\src\LearnCpp</Filter>
    </ClInclude>
    <ClInclude Include="src\LearnCpp\Test.h">
      <Filter>源文件\src\LearnCpp</Filter>
    </ClInclude>
    <ClInclude Include="src\LearnCpp\TestArray.h">
      <Filter>源文件\src\LearnCpp</Filter>
    </ClInclude>
    <ClInclude Include="src\LearnCpp\TestException.h">
      <Filter>源文件\src\LearnCpp</Filter>
    </ClInclude>
    <ClInclude Include="src\LearnCpp\TestFor.h">
      <Filter>源文件\src\LearnCpp</Filter>
    </ClInclude>
    <ClInclude Include="src\LearnCpp\TestFunction.h">
      <Filter>源文件\src\LearnCpp</Filter>
    </ClInclude>
    <ClInclude Include="src\LearnCpp\TestFunctor.h">
      <Filter>源文件\src\LearnCpp</Filter>
    </ClInclude>
    <ClInclude Include="src\LearnCpp\TestNew.h">
      <Filter>源文件\src\LearnCpp</Filter>
    </ClInclude>
    <ClInclude Include="src\LearnCpp\TestPointer.h">
      <Filter>源文件\src\LearnCpp</Filter>
    </ClInclude>
    <ClInclude Include="src\LearnCpp\TestRTTI.h">
      <Filter>源文件\src\LearnCpp</Filter>
    </ClInclude>
    <ClInclude Include="src\LearnCpp\TestSmartPointer.h">
      <Filter>源文件\src\LearnCpp</Filter>
    </ClInclude>
    <ClInclude Include="src\LearnCpp\TestSTLContainer.h">
      <Filter>源文件\src\LearnCpp</Filter>
    </ClInclude>
    <ClInclude Include="src\LearnCpp\TestString.h">
      <Filter>源文件\src\LearnCpp</Filter>
    </ClInclude>
    <ClInclude Include="src\LearnCpp\TestStructAndClass.h">
      <Filter>源文件\src\LearnCpp</Filter>
    </ClInclude>
    <ClInclude Include="src\LearnCpp\TestTemplate.h">
      <Filter>源文件\src\LearnCpp</Filter>
    </ClInclude>
    <ClInclude Include="src\LearnCpp\TestTime.h">
      <Filter>源文件\src\LearnCpp</Filter>
    </ClInclude>
    <ClInclude Include="src\Learn3D\Test3DMath.h">
      <Filter>源文件\src\Learn3D</Filter>
    </ClInclude>
    <ClInclude Include="src\Learn3D\Mathf.h">
      <Filter>源文件\src\Learn3D</Filter>
    </ClInclude>
  </ItemGroup>
  <ItemGroup>
    <ClCompile Include="pch.cpp">
      <Filter>源文件</Filter>
    </ClCompile>
    <ClCompile Include="LearnCppProject.cpp">
      <Filter>源文件</Filter>
    </ClCompile>
    <ClCompile Include="src\LearnCpp\Test.cpp">
      <Filter>源文件\src\LearnCpp</Filter>
    </ClCompile>
    <ClCompile Include="src\LearnCpp\TestLink.cpp">
      <Filter>源文件\src\LearnCpp</Filter>
    </ClCompile>
    <ClCompile Include="src\LearnCpp\TestStructAndClass.cpp">
      <Filter>源文件\src\LearnCpp</Filter>
    </ClCompile>
    <ClCompile Include="src\Learn3D\Test3DMath.cpp">
      <Filter>源文件\src\Learn3D</Filter>
    </ClCompile>
  </ItemGroup>
</Project>