<?xml version="1.0" encoding="utf-8"?>
<Project ToolsVersion="4.0" xmlns="http://schemas.microsoft.com/developer/msbuild/2003">
  <ItemGroup>
    <Filter Include="源文件">
      <UniqueIdentifier>{4FC737F1-C7A5-4376-A066-2A32D752A2FF}</UniqueIdentifier>
      <Extensions>cpp;c;cc;cxx;def;odl;idl;hpj;bat;asm;asmx</Extensions>
    </Filter>
    <Filter Include="头文件">
      <UniqueIdentifier>{93995380-89BD-4b04-88EB-625FBE52EBFB}</UniqueIdentifier>
      <Extensions>h;hh;hpp;hxx;hm;inl;inc;ipp;xsd</Extensions>
    </Filter>
    <Filter Include="资源文件">
      <UniqueIdentifier>{67DA6AB6-F800-4c08-8B7A-83BB121AAD01}</UniqueIdentifier>
      <Extensions>rc;ico;cur;bmp;dlg;rc2;rct;bin;rgs;gif;jpg;jpeg;jpe;resx;tiff;tif;png;wav;mfcribbon-ms</Extensions>
    </Filter>
    <Filter Include="源文件\src">
      <UniqueIdentifier>{f4a99c0f-513f-4644-a558-503b3cc79549}</UniqueIdentifier>
    </Filter>
  </ItemGroup>
  <ItemGroup>
    <ClInclude Include="pch.h">
      <Filter>头文件</Filter>
    </ClInclude>
    <ClInclude Include="src\IOTest.h">
      <Filter>源文件\src</Filter>
    </ClInclude>
    <ClInclude Include="src\LimitTest.h">
      <Filter>源文件\src</Filter>
    </ClInclude>
    <ClInclude Include="src\Test.h">
      <Filter>源文件\src</Filter>
    </ClInclude>
    <ClInclude Include="src\TestArray.h">
      <Filter>源文件\src</Filter>
    </ClInclude>
    <ClInclude Include="src\TestString.h">
      <Filter>源文件\src</Filter>
    </ClInclude>
    <ClInclude Include="src\TestPointer.h">
      <Filter>源文件\src</Filter>
    </ClInclude>
    <ClInclude Include="src\TestNew.h">
      <Filter>源文件\src</Filter>
    </ClInclude>
    <ClInclude Include="src\TestTime.h">
      <Filter>源文件\src</Filter>
    </ClInclude>
    <ClInclude Include="src\TestFor.h">
      <Filter>源文件\src</Filter>
    </ClInclude>
    <ClInclude Include="src\TestFunction.h">
      <Filter>源文件\src</Filter>
    </ClInclude>
    <ClInclude Include="src\TestTemplate.h">
      <Filter>源文件\src</Filter>
    </ClInclude>
    <ClInclude Include="src\TestStructAndClass.h">
      <Filter>源文件\src</Filter>
    </ClInclude>
    <ClInclude Include="src\TestException.h">
      <Filter>源文件\src</Filter>
    </ClInclude>
    <ClInclude Include="src\TestRTTI.h">
      <Filter>源文件\src</Filter>
    </ClInclude>
    <ClInclude Include="src\TestSmartPointer.h">
      <Filter>源文件\src</Filter>
    </ClInclude>
  </ItemGroup>
  <ItemGroup>
    <ClCompile Include="pch.cpp">
      <Filter>源文件</Filter>
    </ClCompile>
    <ClCompile Include="LearnCppProject.cpp">
      <Filter>源文件</Filter>
    </ClCompile>
    <ClCompile Include="src\Test.cpp">
      <Filter>源文件\src</Filter>
    </ClCompile>
    <ClCompile Include="src\TestLink.cpp">
      <Filter>源文件\src</Filter>
    </ClCompile>
    <ClCompile Include="src\TestStructAndClass.cpp">
      <Filter>源文件\src</Filter>
    </ClCompile>
  </ItemGroup>
</Project>