
Microsoft Visual Studio Solution File, Format Version 12.00
# Visual Studio 15
VisualStudioVersion = 15.0.28307.489
MinimumVisualStudioVersion = 10.0.40219.1
Project("{8BC9CEB8-8B4A-11D0-8D11-00A0C91BC942}") = "LearnCppProject", "LearnCppProject\LearnCppProject.vcxproj", "{1714C8BE-ACAE-4E7E-B525-7775FFFA27D4}"
EndProject
Project("{FAE04EC0-301F-11D3-BF4B-00C04F79EFBC}") = "Math3d", "Math3d\Math3d.csproj", "{8D388A2F-7BFA-462D-B3E2-C6A7C6747B84}"
EndProject
Project("{8BC9CEB8-8B4A-11D0-8D11-00A0C91BC942}") = "LearnOpenGL", "LearnOpenGL\LearnOpenGL.vcxproj", "{491A2FC1-B9A9-4D13-A240-E6832F4A1604}"
EndProject
Project("{FAE04EC0-301F-11D3-BF4B-00C04F79EFBC}") = "Math3dRightHand", "Math3dRightHand\Math3dRightHand.csproj", "{2D587564-665D-4A0E-9A39-B32E1E7BB452}"
EndProject
Project("{8BC9CEB8-8B4A-11D0-8D11-00A0C91BC942}") = "LearnVulkan", "LearnVulkan\LearnVulkan.vcxproj", "{6FE1C857-C92F-42C5-B99D-938FEC5C774E}"
EndProject
Global
	GlobalSection(SolutionConfigurationPlatforms) = preSolution
		Debug|Any CPU = Debug|Any CPU
		Debug|x64 = Debug|x64
		Debug|x86 = Debug|x86
		Release|Any CPU = Release|Any CPU
		Release|x64 = Release|x64
		Release|x86 = Release|x86
	EndGlobalSection
	GlobalSection(ProjectConfigurationPlatforms) = postSolution
		{1714C8BE-ACAE-4E7E-B525-7775FFFA27D4}.Debug|Any CPU.ActiveCfg = Debug|Win32
		{1714C8BE-ACAE-4E7E-B525-7775FFFA27D4}.Debug|x64.ActiveCfg = Debug|x64
		{1714C8BE-ACAE-4E7E-B525-7775FFFA27D4}.Debug|x64.Build.0 = Debug|x64
		{1714C8BE-ACAE-4E7E-B525-7775FFFA27D4}.Debug|x86.ActiveCfg = Debug|Win32
		{1714C8BE-ACAE-4E7E-B525-7775FFFA27D4}.Debug|x86.Build.0 = Debug|Win32
		{1714C8BE-ACAE-4E7E-B525-7775FFFA27D4}.Release|Any CPU.ActiveCfg = Release|Win32
		{1714C8BE-ACAE-4E7E-B525-7775FFFA27D4}.Release|x64.ActiveCfg = Release|x64
		{1714C8BE-ACAE-4E7E-B525-7775FFFA27D4}.Release|x64.Build.0 = Release|x64
		{1714C8BE-ACAE-4E7E-B525-7775FFFA27D4}.Release|x86.ActiveCfg = Release|Win32
		{1714C8BE-ACAE-4E7E-B525-7775FFFA27D4}.Release|x86.Build.0 = Release|Win32
		{8D388A2F-7BFA-462D-B3E2-C6A7C6747B84}.Debug|Any CPU.ActiveCfg = Debug|Any CPU
		{8D388A2F-7BFA-462D-B3E2-C6A7C6747B84}.Debug|Any CPU.Build.0 = Debug|Any CPU
		{8D388A2F-7BFA-462D-B3E2-C6A7C6747B84}.Debug|x64.ActiveCfg = Debug|Any CPU
		{8D388A2F-7BFA-462D-B3E2-C6A7C6747B84}.Debug|x64.Build.0 = Debug|Any CPU
		{8D388A2F-7BFA-462D-B3E2-C6A7C6747B84}.Debug|x86.ActiveCfg = Debug|Any CPU
		{8D388A2F-7BFA-462D-B3E2-C6A7C6747B84}.Debug|x86.Build.0 = Debug|Any CPU
		{8D388A2F-7BFA-462D-B3E2-C6A7C6747B84}.Release|Any CPU.ActiveCfg = Release|Any CPU
		{8D388A2F-7BFA-462D-B3E2-C6A7C6747B84}.Release|Any CPU.Build.0 = Release|Any CPU
		{8D388A2F-7BFA-462D-B3E2-C6A7C6747B84}.Release|x64.ActiveCfg = Release|Any CPU
		{8D388A2F-7BFA-462D-B3E2-C6A7C6747B84}.Release|x64.Build.0 = Release|Any CPU
		{8D388A2F-7BFA-462D-B3E2-C6A7C6747B84}.Release|x86.ActiveCfg = Release|Any CPU
		{8D388A2F-7BFA-462D-B3E2-C6A7C6747B84}.Release|x86.Build.0 = Release|Any CPU
		{491A2FC1-B9A9-4D13-A240-E6832F4A1604}.Debug|Any CPU.ActiveCfg = Debug|Win32
		{491A2FC1-B9A9-4D13-A240-E6832F4A1604}.Debug|x64.ActiveCfg = Debug|x64
		{491A2FC1-B9A9-4D13-A240-E6832F4A1604}.Debug|x64.Build.0 = Debug|x64
		{491A2FC1-B9A9-4D13-A240-E6832F4A1604}.Debug|x86.ActiveCfg = Debug|Win32
		{491A2FC1-B9A9-4D13-A240-E6832F4A1604}.Debug|x86.Build.0 = Debug|Win32
		{491A2FC1-B9A9-4D13-A240-E6832F4A1604}.Release|Any CPU.ActiveCfg = Release|Win32
		{491A2FC1-B9A9-4D13-A240-E6832F4A1604}.Release|x64.ActiveCfg = Release|x64
		{491A2FC1-B9A9-4D13-A240-E6832F4A1604}.Release|x64.Build.0 = Release|x64
		{491A2FC1-B9A9-4D13-A240-E6832F4A1604}.Release|x86.ActiveCfg = Release|Win32
		{491A2FC1-B9A9-4D13-A240-E6832F4A1604}.Release|x86.Build.0 = Release|Win32
		{2D587564-665D-4A0E-9A39-B32E1E7BB452}.Debug|Any CPU.ActiveCfg = Debug|Any CPU
		{2D587564-665D-4A0E-9A39-B32E1E7BB452}.Debug|Any CPU.Build.0 = Debug|Any CPU
		{2D587564-665D-4A0E-9A39-B32E1E7BB452}.Debug|x64.ActiveCfg = Debug|Any CPU
		{2D587564-665D-4A0E-9A39-B32E1E7BB452}.Debug|x64.Build.0 = Debug|Any CPU
		{2D587564-665D-4A0E-9A39-B32E1E7BB452}.Debug|x86.ActiveCfg = Debug|Any CPU
		{2D587564-665D-4A0E-9A39-B32E1E7BB452}.Debug|x86.Build.0 = Debug|Any CPU
		{2D587564-665D-4A0E-9A39-B32E1E7BB452}.Release|Any CPU.ActiveCfg = Release|Any CPU
		{2D587564-665D-4A0E-9A39-B32E1E7BB452}.Release|Any CPU.Build.0 = Release|Any CPU
		{2D587564-665D-4A0E-9A39-B32E1E7BB452}.Release|x64.ActiveCfg = Release|Any CPU
		{2D587564-665D-4A0E-9A39-B32E1E7BB452}.Release|x64.Build.0 = Release|Any CPU
		{2D587564-665D-4A0E-9A39-B32E1E7BB452}.Release|x86.ActiveCfg = Release|Any CPU
		{2D587564-665D-4A0E-9A39-B32E1E7BB452}.Release|x86.Build.0 = Release|Any CPU
		{6FE1C857-C92F-42C5-B99D-938FEC5C774E}.Debug|Any CPU.ActiveCfg = Debug|Win32
		{6FE1C857-C92F-42C5-B99D-938FEC5C774E}.Debug|x64.ActiveCfg = Debug|x64
		{6FE1C857-C92F-42C5-B99D-938FEC5C774E}.Debug|x64.Build.0 = Debug|x64
		{6FE1C857-C92F-42C5-B99D-938FEC5C774E}.Debug|x86.ActiveCfg = Debug|Win32
		{6FE1C857-C92F-42C5-B99D-938FEC5C774E}.Debug|x86.Build.0 = Debug|Win32
		{6FE1C857-C92F-42C5-B99D-938FEC5C774E}.Release|Any CPU.ActiveCfg = Release|Win32
		{6FE1C857-C92F-42C5-B99D-938FEC5C774E}.Release|x64.ActiveCfg = Release|x64
		{6FE1C857-C92F-42C5-B99D-938FEC5C774E}.Release|x64.Build.0 = Release|x64
		{6FE1C857-C92F-42C5-B99D-938FEC5C774E}.Release|x86.ActiveCfg = Release|Win32
		{6FE1C857-C92F-42C5-B99D-938FEC5C774E}.Release|x86.Build.0 = Release|Win32
	EndGlobalSection
	GlobalSection(SolutionProperties) = preSolution
		HideSolutionNode = FALSE
	EndGlobalSection
	GlobalSection(ExtensibilityGlobals) = postSolution
		SolutionGuid = {A433391E-4FEA-4E42-A93C-2CAE013020B3}
	EndGlobalSection
EndGlobal
