<?xml version="1.0" encoding="utf-8"?>
<Project ToolsVersion="4.0" xmlns="http://schemas.microsoft.com/developer/msbuild/2003">
  <ItemGroup>
    <Filter Include="源文件">
      <UniqueIdentifier>{4FC737F1-C7A5-4376-A066-2A32D752A2FF}</UniqueIdentifier>
      <Extensions>cpp;c;cc;cxx;def;odl;idl;hpj;bat;asm;asmx</Extensions>
    </Filter>
    <Filter Include="头文件">
      <UniqueIdentifier>{93995380-89BD-4b04-88EB-625FBE52EBFB}</UniqueIdentifier>
      <Extensions>h;hh;hpp;hxx;hm;inl;inc;ipp;xsd</Extensions>
    </Filter>
    <Filter Include="资源文件">
      <UniqueIdentifier>{67DA6AB6-F800-4c08-8B7A-83BB121AAD01}</UniqueIdentifier>
      <Extensions>rc;ico;cur;bmp;dlg;rc2;rct;bin;rgs;gif;jpg;jpeg;jpe;resx;tiff;tif;png;wav;mfcribbon-ms</Extensions>
    </Filter>
    <Filter Include="源文件\include">
      <UniqueIdentifier>{248b291e-eb45-45a2-b239-23956bb681a2}</UniqueIdentifier>
    </Filter>
    <Filter Include="源文件\src">
      <UniqueIdentifier>{0f0e343e-97a1-463b-8b94-6197eaa6f63c}</UniqueIdentifier>
    </Filter>
    <Filter Include="源文件\src\sb7">
      <UniqueIdentifier>{5d9dd63d-4bbd-48fd-a996-5eaefd33ea9d}</UniqueIdentifier>
    </Filter>
    <Filter Include="源文件\include\GL">
      <UniqueIdentifier>{5d122227-ecef-4a1e-ad12-86ccf5dd2901}</UniqueIdentifier>
    </Filter>
    <Filter Include="源文件\src\GL">
      <UniqueIdentifier>{0d0d7379-2849-4873-aa34-ecbef3497532}</UniqueIdentifier>
    </Filter>
    <Filter Include="源文件\src\Demo">
      <UniqueIdentifier>{fd017716-39e2-42ad-80de-eeeba4b84006}</UniqueIdentifier>
    </Filter>
    <Filter Include="源文件\src\IO">
      <UniqueIdentifier>{e78640fd-a30e-436d-adfb-addb3539b351}</UniqueIdentifier>
    </Filter>
    <Filter Include="源文件\src\Learn3D">
      <UniqueIdentifier>{030c4267-5bc7-43bc-9cda-bfa4408089ad}</UniqueIdentifier>
    </Filter>
    <Filter Include="源文件\src\GUtil">
      <UniqueIdentifier>{2fde86c0-d8a7-4397-975d-8840b4419f69}</UniqueIdentifier>
    </Filter>
    <Filter Include="源文件\src\Graphic">
      <UniqueIdentifier>{39685857-9757-4fc3-b255-11532d0d2105}</UniqueIdentifier>
    </Filter>
    <Filter Include="源文件\src\Application">
      <UniqueIdentifier>{cf4c1b11-d9d0-4dc2-8344-30e0f03122d1}</UniqueIdentifier>
    </Filter>
  </ItemGroup>
  <ItemGroup>
    <ClInclude Include="pch.h">
      <Filter>头文件</Filter>
    </ClInclude>
    <ClInclude Include="include\GL\gl3w.h">
      <Filter>源文件\include\GL</Filter>
    </ClInclude>
    <ClInclude Include="include\GL\glcorearb.h">
      <Filter>源文件\include\GL</Filter>
    </ClInclude>
    <ClInclude Include="include\GL\glext.h">
      <Filter>源文件\include\GL</Filter>
    </ClInclude>
    <ClInclude Include="include\GL\glxext.h">
      <Filter>源文件\include\GL</Filter>
    </ClInclude>
    <ClInclude Include="include\GL\wglext.h">
      <Filter>源文件\include\GL</Filter>
    </ClInclude>
    <ClInclude Include="include\object.h">
      <Filter>源文件\include</Filter>
    </ClInclude>
    <ClInclude Include="include\sb6mfile.h">
      <Filter>源文件\include</Filter>
    </ClInclude>
    <ClInclude Include="include\sb7.h">
      <Filter>源文件\include</Filter>
    </ClInclude>
    <ClInclude Include="include\sb7color.h">
      <Filter>源文件\include</Filter>
    </ClInclude>
    <ClInclude Include="include\sb7ext.h">
      <Filter>源文件\include</Filter>
    </ClInclude>
    <ClInclude Include="include\sb7ktx.h">
      <Filter>源文件\include</Filter>
    </ClInclude>
    <ClInclude Include="include\sb7textoverlay.h">
      <Filter>源文件\include</Filter>
    </ClInclude>
    <ClInclude Include="include\shader.h">
      <Filter>源文件\include</Filter>
    </ClInclude>
    <ClInclude Include="include\vmath.h">
      <Filter>源文件\include</Filter>
    </ClInclude>
    <ClInclude Include="src\Demo\Demo1.h">
      <Filter>源文件\src\Demo</Filter>
    </ClInclude>
    <ClInclude Include="src\Learn3D\Mathf.h">
      <Filter>源文件\src\Learn3D</Filter>
    </ClInclude>
    <ClInclude Include="src\Learn3D\Matrix4x4.h">
      <Filter>源文件\src\Learn3D</Filter>
    </ClInclude>
    <ClInclude Include="src\Learn3D\Quaternion.h">
      <Filter>源文件\src\Learn3D</Filter>
    </ClInclude>
    <ClInclude Include="src\Learn3D\Test3DMath.h">
      <Filter>源文件\src\Learn3D</Filter>
    </ClInclude>
    <ClInclude Include="src\Learn3D\Vector3.h">
      <Filter>源文件\src\Learn3D</Filter>
    </ClInclude>
    <ClInclude Include="src\Learn3D\Vector4.h">
      <Filter>源文件\src\Learn3D</Filter>
    </ClInclude>
    <ClInclude Include="src\Demo\Demo2.h">
      <Filter>源文件\src\Demo</Filter>
    </ClInclude>
    <ClInclude Include="src\Demo\Demo3.h">
      <Filter>源文件\src\Demo</Filter>
    </ClInclude>
    <ClInclude Include="src\Demo\Demo4.h">
      <Filter>源文件\src\Demo</Filter>
    </ClInclude>
    <ClInclude Include="src\Demo\Demo5.h">
      <Filter>源文件\src\Demo</Filter>
    </ClInclude>
    <ClInclude Include="src\Demo\Demo6.h">
      <Filter>源文件\src\Demo</Filter>
    </ClInclude>
    <ClInclude Include="src\Demo\Demo7.h">
      <Filter>源文件\src\Demo</Filter>
    </ClInclude>
    <ClInclude Include="src\Demo\Demo8.h">
      <Filter>源文件\src\Demo</Filter>
    </ClInclude>
    <ClInclude Include="src\Demo\Demo9.h">
      <Filter>源文件\src\Demo</Filter>
    </ClInclude>
    <ClInclude Include="src\Demo\Demo10.h">
      <Filter>源文件\src\Demo</Filter>
    </ClInclude>
    <ClInclude Include="src\Demo\Demo11.h">
      <Filter>源文件\src\Demo</Filter>
    </ClInclude>
    <ClInclude Include="src\Demo\Demo12.h">
      <Filter>源文件\src\Demo</Filter>
    </ClInclude>
    <ClInclude Include="src\Demo\Demo13.h">
      <Filter>源文件\src\Demo</Filter>
    </ClInclude>
    <ClInclude Include="src\Demo\Demo14.h">
      <Filter>源文件\src\Demo</Filter>
    </ClInclude>
    <ClInclude Include="src\Demo\Demo15.h">
      <Filter>源文件\src\Demo</Filter>
    </ClInclude>
    <ClInclude Include="src\Learn3D\Transform.h">
      <Filter>源文件\src\Learn3D</Filter>
    </ClInclude>
    <ClInclude Include="src\ApplicationBase.h">
      <Filter>源文件\src\Application</Filter>
    </ClInclude>
    <ClInclude Include="src\Camera.h">
      <Filter>源文件\src\Graphic</Filter>
    </ClInclude>
    <ClInclude Include="src\Color.h">
      <Filter>源文件\src\Graphic</Filter>
    </ClInclude>
    <ClInclude Include="src\FileIO.h">
      <Filter>源文件\src\IO</Filter>
    </ClInclude>
    <ClInclude Include="src\GLHelper.h">
      <Filter>源文件\src\GUtil</Filter>
    </ClInclude>
    <ClInclude Include="src\GUtil.h">
      <Filter>源文件\src\GUtil</Filter>
    </ClInclude>
    <ClInclude Include="src\MeshFliter.h">
      <Filter>源文件\src\Graphic</Filter>
    </ClInclude>
    <ClInclude Include="src\PNGHelper.h">
      <Filter>源文件\src\IO</Filter>
    </ClInclude>
    <ClInclude Include="src\ShaderHelper.h">
      <Filter>源文件\src\GL</Filter>
    </ClInclude>
    <ClInclude Include="src\Material.h">
      <Filter>源文件\src\Graphic</Filter>
    </ClInclude>
    <ClInclude Include="src\MeshRenderObject.h">
      <Filter>源文件\src\Graphic</Filter>
    </ClInclude>
    <ClInclude Include="src\SceneRenderMgr.h">
      <Filter>源文件\src\Graphic</Filter>
    </ClInclude>
    <ClInclude Include="src\Demo\Demo16.h">
      <Filter>源文件\src\Demo</Filter>
    </ClInclude>
    <ClInclude Include="src\ResourcesMgr.h">
      <Filter>源文件\src\Graphic</Filter>
    </ClInclude>
    <ClInclude Include="src\Demo\Demo17.h">
      <Filter>源文件\src\Demo</Filter>
    </ClInclude>
    <ClInclude Include="src\Demo\Demo18.h">
      <Filter>源文件\src\Demo</Filter>
    </ClInclude>
    <ClInclude Include="src\Demo\Demo19.h">
      <Filter>源文件\src\Demo</Filter>
    </ClInclude>
    <ClInclude Include="src\Demo\Demo20.h">
      <Filter>源文件\src\Demo</Filter>
    </ClInclude>
    <ClInclude Include="src\Demo\Demo21.h">
      <Filter>源文件\src\Demo</Filter>
    </ClInclude>
    <ClInclude Include="src\RenderTexture.h">
      <Filter>源文件\src\Graphic</Filter>
    </ClInclude>
    <ClInclude Include="src\Demo\Demo22.h">
      <Filter>源文件\src\Demo</Filter>
    </ClInclude>
    <ClInclude Include="src\Demo\Demo23.h">
      <Filter>源文件\src\Demo</Filter>
    </ClInclude>
    <ClInclude Include="src\FBXFileHelper.h">
      <Filter>源文件\src\IO</Filter>
    </ClInclude>
    <ClInclude Include="src\BoneAnimation.h">
      <Filter>源文件\src\Graphic</Filter>
    </ClInclude>
    <ClInclude Include="src\BoneWeight.h">
      <Filter>源文件\src\Graphic</Filter>
    </ClInclude>
    <ClInclude Include="src\ModelFileHelper.h">
      <Filter>源文件\src\IO</Filter>
    </ClInclude>
  </ItemGroup>
  <ItemGroup>
    <ClCompile Include="pch.cpp">
      <Filter>源文件</Filter>
    </ClCompile>
    <ClCompile Include="LearnOpenGL.cpp">
      <Filter>源文件</Filter>
    </ClCompile>
    <ClCompile Include="src\sb7\sb7.cpp">
      <Filter>源文件\src\sb7</Filter>
    </ClCompile>
    <ClCompile Include="src\sb7\sb7color.cpp">
      <Filter>源文件\src\sb7</Filter>
    </ClCompile>
    <ClCompile Include="src\sb7\sb7ktx.cpp">
      <Filter>源文件\src\sb7</Filter>
    </ClCompile>
    <ClCompile Include="src\sb7\sb7object.cpp">
      <Filter>源文件\src\sb7</Filter>
    </ClCompile>
    <ClCompile Include="src\sb7\sb7shader.cpp">
      <Filter>源文件\src\sb7</Filter>
    </ClCompile>
    <ClCompile Include="src\sb7\sb7textoverlay.cpp">
      <Filter>源文件\src\sb7</Filter>
    </ClCompile>
    <ClCompile Include="src\GL\gl3w.c">
      <Filter>源文件\src\GL</Filter>
    </ClCompile>
    <ClCompile Include="src\Learn3D\Mathf.cpp">
      <Filter>源文件\src\Learn3D</Filter>
    </ClCompile>
    <ClCompile Include="src\Learn3D\Test3DMath.cpp">
      <Filter>源文件\src\Learn3D</Filter>
    </ClCompile>
    <ClCompile Include="src\Learn3D\Vector3.cpp">
      <Filter>源文件\src\Learn3D</Filter>
    </ClCompile>
    <ClCompile Include="src\Learn3D\Vector4.cpp">
      <Filter>源文件\src\Learn3D</Filter>
    </ClCompile>
    <ClCompile Include="src\ApplicationBase.cpp">
      <Filter>源文件\src\Application</Filter>
    </ClCompile>
    <ClCompile Include="src\Camera.cpp">
      <Filter>源文件\src\Graphic</Filter>
    </ClCompile>
    <ClCompile Include="src\Color.cpp">
      <Filter>源文件\src\Graphic</Filter>
    </ClCompile>
    <ClCompile Include="src\FileIO.cpp">
      <Filter>源文件\src\IO</Filter>
    </ClCompile>
    <ClCompile Include="src\GLHelper.cpp">
      <Filter>源文件\src\GUtil</Filter>
    </ClCompile>
    <ClCompile Include="src\ShaderHelper.cpp">
      <Filter>源文件\src\GL</Filter>
    </ClCompile>
    <ClCompile Include="src\MeshFliter.cpp">
      <Filter>源文件\src\Graphic</Filter>
    </ClCompile>
    <ClCompile Include="src\SceneRenderMgr.cpp">
      <Filter>源文件\src\Graphic</Filter>
    </ClCompile>
    <ClCompile Include="src\FBXFileHelper.cpp">
      <Filter>源文件\src\IO</Filter>
    </ClCompile>
    <ClCompile Include="src\ModelFileHelper.cpp">
      <Filter>源文件\src\IO</Filter>
    </ClCompile>
  </ItemGroup>
</Project>